
Microsoft Visual Studio Solution File, Format Version 12.00
Project("{FAE04EC0-301F-11D3-BF4B-00C04F79EFBC}") = "DevelopsToday.CLI", "DevelopsToday.CLI\DevelopsToday.CLI.csproj", "{DC7B90E6-B0AB-43CE-AE92-FD55A8139CF4}"
EndProject
Global
	GlobalSection(SolutionConfigurationPlatforms) = preSolution
		Debug|Any CPU = Debug|Any CPU
		Release|Any CPU = Release|Any CPU
	EndGlobalSection
	GlobalSection(ProjectConfigurationPlatforms) = postSolution
		{DC7B90E6-B0AB-43CE-AE92-FD55A8139CF4}.Debug|Any CPU.ActiveCfg = Debug|Any CPU
		{DC7B90E6-B0AB-43CE-AE92-FD55A8139CF4}.Debug|Any CPU.Build.0 = Debug|Any CPU
		{DC7B90E6-B0AB-43CE-AE92-FD55A8139CF4}.Release|Any CPU.ActiveCfg = Release|Any CPU
		{DC7B90E6-B0AB-43CE-AE92-FD55A8139CF4}.Release|Any CPU.Build.0 = Release|Any CPU
	EndGlobalSection
EndGlobal
